
Microsoft Visual Studio Solution File, Format Version 12.00
Project("{2150E333-8FDC-42A3-9474-1A3956D46DE8}") = "Folder1", "Folder1", "{754857E5-A8A7-4306-8D6A-309A3348F699}"
EndProject
Project("{2150E333-8FDC-42A3-9474-1A3956D46DE8}") = "Folder2", "Folder2", "{D7FEA9E2-6BCB-44BB-905C-10DB1F8E0055}"
EndProject
Project("{2150E333-8FDC-42A3-9474-1A3956D46DE8}") = "Folder3", "Folder3", "{ABE0E303-8F45-4971-9519-7CE6731C2C63}"
EndProject
Project("{FAE04EC0-301F-11D3-BF4B-00C04F79EFBC}") = "Lib1", "Folder1\Lib1\Lib1.csproj", "{3B464D55-E264-46B3-A7A4-AD483DA4657E}"
EndProject
Project("{FAE04EC0-301F-11D3-BF4B-00C04F79EFBC}") = "Lib2", "Folder1\Lib2\Lib2.csproj", "{541D6D05-168F-4688-B908-3EB17D4E1593}"
EndProject
Project("{FAE04EC0-301F-11D3-BF4B-00C04F79EFBC}") = "Lib3", "Folder2\Lib3\Lib3.csproj", "{B0AB2931-3D7A-4CC6-92BF-4739B341A9E9}"
EndProject
Project("{FAE04EC0-301F-11D3-BF4B-00C04F79EFBC}") = "Lib4", "Folder3\Lib4\Lib4.csproj", "{1D0FC8CC-F7E4-4C75-9CF8-2FED47CF3436}"
EndProject
Project("{FAE04EC0-301F-11D3-BF4B-00C04F79EFBC}") = "Lib5", "Folder3\Lib5\Lib5.csproj", "{C50E1A83-FCA7-467F-8703-6E019806CE86}"
EndProject
Global
	GlobalSection(SolutionConfigurationPlatforms) = preSolution
		Debug|Any CPU = Debug|Any CPU
		Release|Any CPU = Release|Any CPU
	EndGlobalSection
	GlobalSection(NestedProjects) = preSolution
		{3B464D55-E264-46B3-A7A4-AD483DA4657E} = {754857E5-A8A7-4306-8D6A-309A3348F699}
		{541D6D05-168F-4688-B908-3EB17D4E1593} = {754857E5-A8A7-4306-8D6A-309A3348F699}
		{1D0FC8CC-F7E4-4C75-9CF8-2FED47CF3436} = {ABE0E303-8F45-4971-9519-7CE6731C2C63}
		{C50E1A83-FCA7-467F-8703-6E019806CE86} = {ABE0E303-8F45-4971-9519-7CE6731C2C63}
		{B0AB2931-3D7A-4CC6-92BF-4739B341A9E9} = {D7FEA9E2-6BCB-44BB-905C-10DB1F8E0055}
	EndGlobalSection
	GlobalSection(ProjectConfigurationPlatforms) = postSolution
		{3B464D55-E264-46B3-A7A4-AD483DA4657E}.Debug|Any CPU.ActiveCfg = Debug|Any CPU
		{3B464D55-E264-46B3-A7A4-AD483DA4657E}.Debug|Any CPU.Build.0 = Debug|Any CPU
		{3B464D55-E264-46B3-A7A4-AD483DA4657E}.Release|Any CPU.ActiveCfg = Release|Any CPU
		{3B464D55-E264-46B3-A7A4-AD483DA4657E}.Release|Any CPU.Build.0 = Release|Any CPU
		{541D6D05-168F-4688-B908-3EB17D4E1593}.Debug|Any CPU.ActiveCfg = Debug|Any CPU
		{541D6D05-168F-4688-B908-3EB17D4E1593}.Debug|Any CPU.Build.0 = Debug|Any CPU
		{541D6D05-168F-4688-B908-3EB17D4E1593}.Release|Any CPU.ActiveCfg = Release|Any CPU
		{541D6D05-168F-4688-B908-3EB17D4E1593}.Release|Any CPU.Build.0 = Release|Any CPU
		{B0AB2931-3D7A-4CC6-92BF-4739B341A9E9}.Debug|Any CPU.ActiveCfg = Debug|Any CPU
		{B0AB2931-3D7A-4CC6-92BF-4739B341A9E9}.Debug|Any CPU.Build.0 = Debug|Any CPU
		{B0AB2931-3D7A-4CC6-92BF-4739B341A9E9}.Release|Any CPU.ActiveCfg = Release|Any CPU
		{B0AB2931-3D7A-4CC6-92BF-4739B341A9E9}.Release|Any CPU.Build.0 = Release|Any CPU
		{1D0FC8CC-F7E4-4C75-9CF8-2FED47CF3436}.Debug|Any CPU.ActiveCfg = Debug|Any CPU
		{1D0FC8CC-F7E4-4C75-9CF8-2FED47CF3436}.Debug|Any CPU.Build.0 = Debug|Any CPU
		{1D0FC8CC-F7E4-4C75-9CF8-2FED47CF3436}.Release|Any CPU.ActiveCfg = Release|Any CPU
		{1D0FC8CC-F7E4-4C75-9CF8-2FED47CF3436}.Release|Any CPU.Build.0 = Release|Any CPU
		{C50E1A83-FCA7-467F-8703-6E019806CE86}.Debug|Any CPU.ActiveCfg = Debug|Any CPU
		{C50E1A83-FCA7-467F-8703-6E019806CE86}.Debug|Any CPU.Build.0 = Debug|Any CPU
		{C50E1A83-FCA7-467F-8703-6E019806CE86}.Release|Any CPU.ActiveCfg = Release|Any CPU
		{C50E1A83-FCA7-467F-8703-6E019806CE86}.Release|Any CPU.Build.0 = Release|Any CPU
	EndGlobalSection
EndGlobal
